
Microsoft Visual Studio Solution File, Format Version 12.00
# Visual Studio 15
VisualStudioVersion = 15.0.27428.2011
MinimumVisualStudioVersion = 10.0.40219.1
Project("{2150E333-8FDC-42A3-9474-1A3956D46DE8}") = "src", "src", "{BBB5AFC4-2965-49E8-B8F3-0E6BE80F2B43}"
EndProject
Project("{2150E333-8FDC-42A3-9474-1A3956D46DE8}") = "tests", "tests", "{BEA92F0E-9082-45E7-9B88-CD8761698FAC}"
EndProject
Project("{2150E333-8FDC-42A3-9474-1A3956D46DE8}") = "build", "build", "{0B31FAE4-A5A1-4A94-B3B5-0F465E4E1FCA}"
	ProjectSection(SolutionItems) = preProject
		.appveyor.yml = .appveyor.yml
		build.cake = build.cake
		CHANGELOG = CHANGELOG
		GitVersion.yml = GitVersion.yml
		build\names.cake = build\names.cake
		build\paths.cake = build\paths.cake
	EndProjectSection
EndProject
Project("{FAE04EC0-301F-11D3-BF4B-00C04F79EFBC}") = "ValueValidators", "src\ValueValidators\ValueValidators.csproj", "{A5620E60-FEE3-463A-8293-8AFE1AB2F11B}"
EndProject
Project("{FAE04EC0-301F-11D3-BF4B-00C04F79EFBC}") = "ValueValidators.Tests", "tests\ValueValidators.Tests\ValueValidators.Tests.csproj", "{08B83DFD-AC62-47B2-89D7-457CB35B398E}"
EndProject
Project("{2150E333-8FDC-42A3-9474-1A3956D46DE8}") = "sample", "sample", "{3E079DAA-116E-48BE-AC90-C490ACBE31E7}"
EndProject
Project("{FAE04EC0-301F-11D3-BF4B-00C04F79EFBC}") = "WD.Validators.Sample.Android", "sample\WD.Validators.Sample.Android\WD.Validators.Sample.Android.csproj", "{FE0133E3-AE1C-4CE6-95CB-A82D78842912}"
EndProject
Project("{FAE04EC0-301F-11D3-BF4B-00C04F79EFBC}") = "WD.Validators.Sample.iOS", "sample\WD.Validators.Sample.iOS\WD.Validators.Sample.iOS.csproj", "{23D57DAD-2250-4DB2-8CD9-C6A564D83A27}"
EndProject
Project("{FAE04EC0-301F-11D3-BF4B-00C04F79EFBC}") = "WD.Validators.Sample.UWP", "sample\WD.Validators.Sample.UWP\WD.Validators.Sample.UWP.csproj", "{7D522B08-3193-4D0B-8AD9-B59682DC884F}"
EndProject
Project("{FAE04EC0-301F-11D3-BF4B-00C04F79EFBC}") = "WD.Validators.Sample", "sample\WD.Validators.Sample\WD.Validators.Sample.csproj", "{1ABC81C2-3E9B-4702-9300-B20F160E3DCE}"
EndProject
Project("{FAE04EC0-301F-11D3-BF4B-00C04F79EFBC}") = "WD.Validators.Sample.WPF", "sample\WD.Validators.Sample.WPF\WD.Validators.Sample.WPF.csproj", "{52C25580-441F-4B39-AF10-EBA4334B5724}"
EndProject
Project("{FAE04EC0-301F-11D3-BF4B-00C04F79EFBC}") = "WD.Validators.Sample.macOS", "sample\WD.Validators.Sample.macOS\WD.Validators.Sample.macOS.csproj", "{137E6006-5F68-4FC1-96B9-98AAA9B76488}"
EndProject
Global
	GlobalSection(SolutionConfigurationPlatforms) = preSolution
		Ad-Hoc|Any CPU = Ad-Hoc|Any CPU
		Ad-Hoc|ARM = Ad-Hoc|ARM
		Ad-Hoc|iPhone = Ad-Hoc|iPhone
		Ad-Hoc|iPhoneSimulator = Ad-Hoc|iPhoneSimulator
		Ad-Hoc|x64 = Ad-Hoc|x64
		Ad-Hoc|x86 = Ad-Hoc|x86
		AppStore|Any CPU = AppStore|Any CPU
		AppStore|ARM = AppStore|ARM
		AppStore|iPhone = AppStore|iPhone
		AppStore|iPhoneSimulator = AppStore|iPhoneSimulator
		AppStore|x64 = AppStore|x64
		AppStore|x86 = AppStore|x86
		Debug|Any CPU = Debug|Any CPU
		Debug|ARM = Debug|ARM
		Debug|iPhone = Debug|iPhone
		Debug|iPhoneSimulator = Debug|iPhoneSimulator
		Debug|x64 = Debug|x64
		Debug|x86 = Debug|x86
		Release|Any CPU = Release|Any CPU
		Release|ARM = Release|ARM
		Release|iPhone = Release|iPhone
		Release|iPhoneSimulator = Release|iPhoneSimulator
		Release|x64 = Release|x64
		Release|x86 = Release|x86
	EndGlobalSection
	GlobalSection(ProjectConfigurationPlatforms) = postSolution
		{A5620E60-FEE3-463A-8293-8AFE1AB2F11B}.Ad-Hoc|Any CPU.ActiveCfg = Release|Any CPU
		{A5620E60-FEE3-463A-8293-8AFE1AB2F11B}.Ad-Hoc|Any CPU.Build.0 = Release|Any CPU
		{A5620E60-FEE3-463A-8293-8AFE1AB2F11B}.Ad-Hoc|ARM.ActiveCfg = Release|Any CPU
		{A5620E60-FEE3-463A-8293-8AFE1AB2F11B}.Ad-Hoc|ARM.Build.0 = Release|Any CPU
		{A5620E60-FEE3-463A-8293-8AFE1AB2F11B}.Ad-Hoc|iPhone.ActiveCfg = Release|Any CPU
		{A5620E60-FEE3-463A-8293-8AFE1AB2F11B}.Ad-Hoc|iPhone.Build.0 = Release|Any CPU
		{A5620E60-FEE3-463A-8293-8AFE1AB2F11B}.Ad-Hoc|iPhoneSimulator.ActiveCfg = Release|Any CPU
		{A5620E60-FEE3-463A-8293-8AFE1AB2F11B}.Ad-Hoc|iPhoneSimulator.Build.0 = Release|Any CPU
		{A5620E60-FEE3-463A-8293-8AFE1AB2F11B}.Ad-Hoc|x64.ActiveCfg = Release|Any CPU
		{A5620E60-FEE3-463A-8293-8AFE1AB2F11B}.Ad-Hoc|x64.Build.0 = Release|Any CPU
		{A5620E60-FEE3-463A-8293-8AFE1AB2F11B}.Ad-Hoc|x86.ActiveCfg = Release|Any CPU
		{A5620E60-FEE3-463A-8293-8AFE1AB2F11B}.Ad-Hoc|x86.Build.0 = Release|Any CPU
		{A5620E60-FEE3-463A-8293-8AFE1AB2F11B}.AppStore|Any CPU.ActiveCfg = Release|Any CPU
		{A5620E60-FEE3-463A-8293-8AFE1AB2F11B}.AppStore|Any CPU.Build.0 = Release|Any CPU
		{A5620E60-FEE3-463A-8293-8AFE1AB2F11B}.AppStore|ARM.ActiveCfg = Release|Any CPU
		{A5620E60-FEE3-463A-8293-8AFE1AB2F11B}.AppStore|ARM.Build.0 = Release|Any CPU
		{A5620E60-FEE3-463A-8293-8AFE1AB2F11B}.AppStore|iPhone.ActiveCfg = Release|Any CPU
		{A5620E60-FEE3-463A-8293-8AFE1AB2F11B}.AppStore|iPhone.Build.0 = Release|Any CPU
		{A5620E60-FEE3-463A-8293-8AFE1AB2F11B}.AppStore|iPhoneSimulator.ActiveCfg = Release|Any CPU
		{A5620E60-FEE3-463A-8293-8AFE1AB2F11B}.AppStore|iPhoneSimulator.Build.0 = Release|Any CPU
		{A5620E60-FEE3-463A-8293-8AFE1AB2F11B}.AppStore|x64.ActiveCfg = Release|Any CPU
		{A5620E60-FEE3-463A-8293-8AFE1AB2F11B}.AppStore|x64.Build.0 = Release|Any CPU
		{A5620E60-FEE3-463A-8293-8AFE1AB2F11B}.AppStore|x86.ActiveCfg = Release|Any CPU
		{A5620E60-FEE3-463A-8293-8AFE1AB2F11B}.AppStore|x86.Build.0 = Release|Any CPU
		{A5620E60-FEE3-463A-8293-8AFE1AB2F11B}.Debug|Any CPU.ActiveCfg = Debug|Any CPU
		{A5620E60-FEE3-463A-8293-8AFE1AB2F11B}.Debug|Any CPU.Build.0 = Debug|Any CPU
		{A5620E60-FEE3-463A-8293-8AFE1AB2F11B}.Debug|ARM.ActiveCfg = Debug|Any CPU
		{A5620E60-FEE3-463A-8293-8AFE1AB2F11B}.Debug|ARM.Build.0 = Debug|Any CPU
		{A5620E60-FEE3-463A-8293-8AFE1AB2F11B}.Debug|iPhone.ActiveCfg = Debug|Any CPU
		{A5620E60-FEE3-463A-8293-8AFE1AB2F11B}.Debug|iPhone.Build.0 = Debug|Any CPU
		{A5620E60-FEE3-463A-8293-8AFE1AB2F11B}.Debug|iPhoneSimulator.ActiveCfg = Debug|Any CPU
		{A5620E60-FEE3-463A-8293-8AFE1AB2F11B}.Debug|iPhoneSimulator.Build.0 = Debug|Any CPU
		{A5620E60-FEE3-463A-8293-8AFE1AB2F11B}.Debug|x64.ActiveCfg = Debug|Any CPU
		{A5620E60-FEE3-463A-8293-8AFE1AB2F11B}.Debug|x64.Build.0 = Debug|Any CPU
		{A5620E60-FEE3-463A-8293-8AFE1AB2F11B}.Debug|x86.ActiveCfg = Debug|Any CPU
		{A5620E60-FEE3-463A-8293-8AFE1AB2F11B}.Debug|x86.Build.0 = Debug|Any CPU
		{A5620E60-FEE3-463A-8293-8AFE1AB2F11B}.Release|Any CPU.ActiveCfg = Release|Any CPU
		{A5620E60-FEE3-463A-8293-8AFE1AB2F11B}.Release|Any CPU.Build.0 = Release|Any CPU
		{A5620E60-FEE3-463A-8293-8AFE1AB2F11B}.Release|ARM.ActiveCfg = Release|Any CPU
		{A5620E60-FEE3-463A-8293-8AFE1AB2F11B}.Release|ARM.Build.0 = Release|Any CPU
		{A5620E60-FEE3-463A-8293-8AFE1AB2F11B}.Release|iPhone.ActiveCfg = Release|Any CPU
		{A5620E60-FEE3-463A-8293-8AFE1AB2F11B}.Release|iPhone.Build.0 = Release|Any CPU
		{A5620E60-FEE3-463A-8293-8AFE1AB2F11B}.Release|iPhoneSimulator.ActiveCfg = Release|Any CPU
		{A5620E60-FEE3-463A-8293-8AFE1AB2F11B}.Release|iPhoneSimulator.Build.0 = Release|Any CPU
		{A5620E60-FEE3-463A-8293-8AFE1AB2F11B}.Release|x64.ActiveCfg = Release|Any CPU
		{A5620E60-FEE3-463A-8293-8AFE1AB2F11B}.Release|x64.Build.0 = Release|Any CPU
		{A5620E60-FEE3-463A-8293-8AFE1AB2F11B}.Release|x86.ActiveCfg = Release|Any CPU
		{A5620E60-FEE3-463A-8293-8AFE1AB2F11B}.Release|x86.Build.0 = Release|Any CPU
		{08B83DFD-AC62-47B2-89D7-457CB35B398E}.Ad-Hoc|Any CPU.ActiveCfg = Release|Any CPU
		{08B83DFD-AC62-47B2-89D7-457CB35B398E}.Ad-Hoc|Any CPU.Build.0 = Release|Any CPU
		{08B83DFD-AC62-47B2-89D7-457CB35B398E}.Ad-Hoc|ARM.ActiveCfg = Release|Any CPU
		{08B83DFD-AC62-47B2-89D7-457CB35B398E}.Ad-Hoc|ARM.Build.0 = Release|Any CPU
		{08B83DFD-AC62-47B2-89D7-457CB35B398E}.Ad-Hoc|iPhone.ActiveCfg = Release|Any CPU
		{08B83DFD-AC62-47B2-89D7-457CB35B398E}.Ad-Hoc|iPhone.Build.0 = Release|Any CPU
		{08B83DFD-AC62-47B2-89D7-457CB35B398E}.Ad-Hoc|iPhoneSimulator.ActiveCfg = Release|Any CPU
		{08B83DFD-AC62-47B2-89D7-457CB35B398E}.Ad-Hoc|iPhoneSimulator.Build.0 = Release|Any CPU
		{08B83DFD-AC62-47B2-89D7-457CB35B398E}.Ad-Hoc|x64.ActiveCfg = Release|Any CPU
		{08B83DFD-AC62-47B2-89D7-457CB35B398E}.Ad-Hoc|x64.Build.0 = Release|Any CPU
		{08B83DFD-AC62-47B2-89D7-457CB35B398E}.Ad-Hoc|x86.ActiveCfg = Release|Any CPU
		{08B83DFD-AC62-47B2-89D7-457CB35B398E}.Ad-Hoc|x86.Build.0 = Release|Any CPU
		{08B83DFD-AC62-47B2-89D7-457CB35B398E}.AppStore|Any CPU.ActiveCfg = Release|Any CPU
		{08B83DFD-AC62-47B2-89D7-457CB35B398E}.AppStore|Any CPU.Build.0 = Release|Any CPU
		{08B83DFD-AC62-47B2-89D7-457CB35B398E}.AppStore|ARM.ActiveCfg = Release|Any CPU
		{08B83DFD-AC62-47B2-89D7-457CB35B398E}.AppStore|ARM.Build.0 = Release|Any CPU
		{08B83DFD-AC62-47B2-89D7-457CB35B398E}.AppStore|iPhone.ActiveCfg = Release|Any CPU
		{08B83DFD-AC62-47B2-89D7-457CB35B398E}.AppStore|iPhone.Build.0 = Release|Any CPU
		{08B83DFD-AC62-47B2-89D7-457CB35B398E}.AppStore|iPhoneSimulator.ActiveCfg = Release|Any CPU
		{08B83DFD-AC62-47B2-89D7-457CB35B398E}.AppStore|iPhoneSimulator.Build.0 = Release|Any CPU
		{08B83DFD-AC62-47B2-89D7-457CB35B398E}.AppStore|x64.ActiveCfg = Release|Any CPU
		{08B83DFD-AC62-47B2-89D7-457CB35B398E}.AppStore|x64.Build.0 = Release|Any CPU
		{08B83DFD-AC62-47B2-89D7-457CB35B398E}.AppStore|x86.ActiveCfg = Release|Any CPU
		{08B83DFD-AC62-47B2-89D7-457CB35B398E}.AppStore|x86.Build.0 = Release|Any CPU
		{08B83DFD-AC62-47B2-89D7-457CB35B398E}.Debug|Any CPU.ActiveCfg = Debug|Any CPU
		{08B83DFD-AC62-47B2-89D7-457CB35B398E}.Debug|Any CPU.Build.0 = Debug|Any CPU
		{08B83DFD-AC62-47B2-89D7-457CB35B398E}.Debug|ARM.ActiveCfg = Debug|Any CPU
		{08B83DFD-AC62-47B2-89D7-457CB35B398E}.Debug|ARM.Build.0 = Debug|Any CPU
		{08B83DFD-AC62-47B2-89D7-457CB35B398E}.Debug|iPhone.ActiveCfg = Debug|Any CPU
		{08B83DFD-AC62-47B2-89D7-457CB35B398E}.Debug|iPhone.Build.0 = Debug|Any CPU
		{08B83DFD-AC62-47B2-89D7-457CB35B398E}.Debug|iPhoneSimulator.ActiveCfg = Debug|Any CPU
		{08B83DFD-AC62-47B2-89D7-457CB35B398E}.Debug|iPhoneSimulator.Build.0 = Debug|Any CPU
		{08B83DFD-AC62-47B2-89D7-457CB35B398E}.Debug|x64.ActiveCfg = Debug|Any CPU
		{08B83DFD-AC62-47B2-89D7-457CB35B398E}.Debug|x64.Build.0 = Debug|Any CPU
		{08B83DFD-AC62-47B2-89D7-457CB35B398E}.Debug|x86.ActiveCfg = Debug|Any CPU
		{08B83DFD-AC62-47B2-89D7-457CB35B398E}.Debug|x86.Build.0 = Debug|Any CPU
		{08B83DFD-AC62-47B2-89D7-457CB35B398E}.Release|Any CPU.ActiveCfg = Release|Any CPU
		{08B83DFD-AC62-47B2-89D7-457CB35B398E}.Release|Any CPU.Build.0 = Release|Any CPU
		{08B83DFD-AC62-47B2-89D7-457CB35B398E}.Release|ARM.ActiveCfg = Release|Any CPU
		{08B83DFD-AC62-47B2-89D7-457CB35B398E}.Release|ARM.Build.0 = Release|Any CPU
		{08B83DFD-AC62-47B2-89D7-457CB35B398E}.Release|iPhone.ActiveCfg = Release|Any CPU
		{08B83DFD-AC62-47B2-89D7-457CB35B398E}.Release|iPhone.Build.0 = Release|Any CPU
		{08B83DFD-AC62-47B2-89D7-457CB35B398E}.Release|iPhoneSimulator.ActiveCfg = Release|Any CPU
		{08B83DFD-AC62-47B2-89D7-457CB35B398E}.Release|iPhoneSimulator.Build.0 = Release|Any CPU
		{08B83DFD-AC62-47B2-89D7-457CB35B398E}.Release|x64.ActiveCfg = Release|Any CPU
		{08B83DFD-AC62-47B2-89D7-457CB35B398E}.Release|x64.Build.0 = Release|Any CPU
		{08B83DFD-AC62-47B2-89D7-457CB35B398E}.Release|x86.ActiveCfg = Release|Any CPU
		{08B83DFD-AC62-47B2-89D7-457CB35B398E}.Release|x86.Build.0 = Release|Any CPU
		{FE0133E3-AE1C-4CE6-95CB-A82D78842912}.Ad-Hoc|Any CPU.ActiveCfg = Release|Any CPU
		{FE0133E3-AE1C-4CE6-95CB-A82D78842912}.Ad-Hoc|Any CPU.Build.0 = Release|Any CPU
		{FE0133E3-AE1C-4CE6-95CB-A82D78842912}.Ad-Hoc|Any CPU.Deploy.0 = Release|Any CPU
		{FE0133E3-AE1C-4CE6-95CB-A82D78842912}.Ad-Hoc|ARM.ActiveCfg = Release|Any CPU
		{FE0133E3-AE1C-4CE6-95CB-A82D78842912}.Ad-Hoc|ARM.Build.0 = Release|Any CPU
		{FE0133E3-AE1C-4CE6-95CB-A82D78842912}.Ad-Hoc|ARM.Deploy.0 = Release|Any CPU
		{FE0133E3-AE1C-4CE6-95CB-A82D78842912}.Ad-Hoc|iPhone.ActiveCfg = Release|Any CPU
		{FE0133E3-AE1C-4CE6-95CB-A82D78842912}.Ad-Hoc|iPhone.Build.0 = Release|Any CPU
		{FE0133E3-AE1C-4CE6-95CB-A82D78842912}.Ad-Hoc|iPhone.Deploy.0 = Release|Any CPU
		{FE0133E3-AE1C-4CE6-95CB-A82D78842912}.Ad-Hoc|iPhoneSimulator.ActiveCfg = Release|Any CPU
		{FE0133E3-AE1C-4CE6-95CB-A82D78842912}.Ad-Hoc|iPhoneSimulator.Build.0 = Release|Any CPU
		{FE0133E3-AE1C-4CE6-95CB-A82D78842912}.Ad-Hoc|iPhoneSimulator.Deploy.0 = Release|Any CPU
		{FE0133E3-AE1C-4CE6-95CB-A82D78842912}.Ad-Hoc|x64.ActiveCfg = Release|Any CPU
		{FE0133E3-AE1C-4CE6-95CB-A82D78842912}.Ad-Hoc|x64.Build.0 = Release|Any CPU
		{FE0133E3-AE1C-4CE6-95CB-A82D78842912}.Ad-Hoc|x64.Deploy.0 = Release|Any CPU
		{FE0133E3-AE1C-4CE6-95CB-A82D78842912}.Ad-Hoc|x86.ActiveCfg = Release|Any CPU
		{FE0133E3-AE1C-4CE6-95CB-A82D78842912}.Ad-Hoc|x86.Build.0 = Release|Any CPU
		{FE0133E3-AE1C-4CE6-95CB-A82D78842912}.Ad-Hoc|x86.Deploy.0 = Release|Any CPU
		{FE0133E3-AE1C-4CE6-95CB-A82D78842912}.AppStore|Any CPU.ActiveCfg = Release|Any CPU
		{FE0133E3-AE1C-4CE6-95CB-A82D78842912}.AppStore|Any CPU.Build.0 = Release|Any CPU
		{FE0133E3-AE1C-4CE6-95CB-A82D78842912}.AppStore|Any CPU.Deploy.0 = Release|Any CPU
		{FE0133E3-AE1C-4CE6-95CB-A82D78842912}.AppStore|ARM.ActiveCfg = Release|Any CPU
		{FE0133E3-AE1C-4CE6-95CB-A82D78842912}.AppStore|ARM.Build.0 = Release|Any CPU
		{FE0133E3-AE1C-4CE6-95CB-A82D78842912}.AppStore|ARM.Deploy.0 = Release|Any CPU
		{FE0133E3-AE1C-4CE6-95CB-A82D78842912}.AppStore|iPhone.ActiveCfg = Release|Any CPU
		{FE0133E3-AE1C-4CE6-95CB-A82D78842912}.AppStore|iPhone.Build.0 = Release|Any CPU
		{FE0133E3-AE1C-4CE6-95CB-A82D78842912}.AppStore|iPhone.Deploy.0 = Release|Any CPU
		{FE0133E3-AE1C-4CE6-95CB-A82D78842912}.AppStore|iPhoneSimulator.ActiveCfg = Release|Any CPU
		{FE0133E3-AE1C-4CE6-95CB-A82D78842912}.AppStore|iPhoneSimulator.Build.0 = Release|Any CPU
		{FE0133E3-AE1C-4CE6-95CB-A82D78842912}.AppStore|iPhoneSimulator.Deploy.0 = Release|Any CPU
		{FE0133E3-AE1C-4CE6-95CB-A82D78842912}.AppStore|x64.ActiveCfg = Release|Any CPU
		{FE0133E3-AE1C-4CE6-95CB-A82D78842912}.AppStore|x64.Build.0 = Release|Any CPU
		{FE0133E3-AE1C-4CE6-95CB-A82D78842912}.AppStore|x64.Deploy.0 = Release|Any CPU
		{FE0133E3-AE1C-4CE6-95CB-A82D78842912}.AppStore|x86.ActiveCfg = Release|Any CPU
		{FE0133E3-AE1C-4CE6-95CB-A82D78842912}.AppStore|x86.Build.0 = Release|Any CPU
		{FE0133E3-AE1C-4CE6-95CB-A82D78842912}.AppStore|x86.Deploy.0 = Release|Any CPU
		{FE0133E3-AE1C-4CE6-95CB-A82D78842912}.Debug|Any CPU.ActiveCfg = Debug|Any CPU
		{FE0133E3-AE1C-4CE6-95CB-A82D78842912}.Debug|Any CPU.Build.0 = Debug|Any CPU
		{FE0133E3-AE1C-4CE6-95CB-A82D78842912}.Debug|Any CPU.Deploy.0 = Debug|Any CPU
		{FE0133E3-AE1C-4CE6-95CB-A82D78842912}.Debug|ARM.ActiveCfg = Debug|Any CPU
		{FE0133E3-AE1C-4CE6-95CB-A82D78842912}.Debug|ARM.Build.0 = Debug|Any CPU
		{FE0133E3-AE1C-4CE6-95CB-A82D78842912}.Debug|ARM.Deploy.0 = Debug|Any CPU
		{FE0133E3-AE1C-4CE6-95CB-A82D78842912}.Debug|iPhone.ActiveCfg = Debug|Any CPU
		{FE0133E3-AE1C-4CE6-95CB-A82D78842912}.Debug|iPhone.Build.0 = Debug|Any CPU
		{FE0133E3-AE1C-4CE6-95CB-A82D78842912}.Debug|iPhone.Deploy.0 = Debug|Any CPU
		{FE0133E3-AE1C-4CE6-95CB-A82D78842912}.Debug|iPhoneSimulator.ActiveCfg = Debug|Any CPU
		{FE0133E3-AE1C-4CE6-95CB-A82D78842912}.Debug|iPhoneSimulator.Build.0 = Debug|Any CPU
		{FE0133E3-AE1C-4CE6-95CB-A82D78842912}.Debug|iPhoneSimulator.Deploy.0 = Debug|Any CPU
		{FE0133E3-AE1C-4CE6-95CB-A82D78842912}.Debug|x64.ActiveCfg = Debug|Any CPU
		{FE0133E3-AE1C-4CE6-95CB-A82D78842912}.Debug|x64.Build.0 = Debug|Any CPU
		{FE0133E3-AE1C-4CE6-95CB-A82D78842912}.Debug|x64.Deploy.0 = Debug|Any CPU
		{FE0133E3-AE1C-4CE6-95CB-A82D78842912}.Debug|x86.ActiveCfg = Debug|Any CPU
		{FE0133E3-AE1C-4CE6-95CB-A82D78842912}.Debug|x86.Build.0 = Debug|Any CPU
		{FE0133E3-AE1C-4CE6-95CB-A82D78842912}.Debug|x86.Deploy.0 = Debug|Any CPU
		{FE0133E3-AE1C-4CE6-95CB-A82D78842912}.Release|Any CPU.ActiveCfg = Release|Any CPU
		{FE0133E3-AE1C-4CE6-95CB-A82D78842912}.Release|Any CPU.Build.0 = Release|Any CPU
		{FE0133E3-AE1C-4CE6-95CB-A82D78842912}.Release|Any CPU.Deploy.0 = Release|Any CPU
		{FE0133E3-AE1C-4CE6-95CB-A82D78842912}.Release|ARM.ActiveCfg = Release|Any CPU
		{FE0133E3-AE1C-4CE6-95CB-A82D78842912}.Release|ARM.Build.0 = Release|Any CPU
		{FE0133E3-AE1C-4CE6-95CB-A82D78842912}.Release|ARM.Deploy.0 = Release|Any CPU
		{FE0133E3-AE1C-4CE6-95CB-A82D78842912}.Release|iPhone.ActiveCfg = Release|Any CPU
		{FE0133E3-AE1C-4CE6-95CB-A82D78842912}.Release|iPhone.Build.0 = Release|Any CPU
		{FE0133E3-AE1C-4CE6-95CB-A82D78842912}.Release|iPhone.Deploy.0 = Release|Any CPU
		{FE0133E3-AE1C-4CE6-95CB-A82D78842912}.Release|iPhoneSimulator.ActiveCfg = Release|Any CPU
		{FE0133E3-AE1C-4CE6-95CB-A82D78842912}.Release|iPhoneSimulator.Build.0 = Release|Any CPU
		{FE0133E3-AE1C-4CE6-95CB-A82D78842912}.Release|iPhoneSimulator.Deploy.0 = Release|Any CPU
		{FE0133E3-AE1C-4CE6-95CB-A82D78842912}.Release|x64.ActiveCfg = Release|Any CPU
		{FE0133E3-AE1C-4CE6-95CB-A82D78842912}.Release|x64.Build.0 = Release|Any CPU
		{FE0133E3-AE1C-4CE6-95CB-A82D78842912}.Release|x64.Deploy.0 = Release|Any CPU
		{FE0133E3-AE1C-4CE6-95CB-A82D78842912}.Release|x86.ActiveCfg = Release|Any CPU
		{FE0133E3-AE1C-4CE6-95CB-A82D78842912}.Release|x86.Build.0 = Release|Any CPU
		{FE0133E3-AE1C-4CE6-95CB-A82D78842912}.Release|x86.Deploy.0 = Release|Any CPU
		{23D57DAD-2250-4DB2-8CD9-C6A564D83A27}.Ad-Hoc|Any CPU.ActiveCfg = Ad-Hoc|iPhone
		{23D57DAD-2250-4DB2-8CD9-C6A564D83A27}.Ad-Hoc|ARM.ActiveCfg = Ad-Hoc|iPhone
		{23D57DAD-2250-4DB2-8CD9-C6A564D83A27}.Ad-Hoc|iPhone.ActiveCfg = Ad-Hoc|iPhone
		{23D57DAD-2250-4DB2-8CD9-C6A564D83A27}.Ad-Hoc|iPhone.Build.0 = Ad-Hoc|iPhone
		{23D57DAD-2250-4DB2-8CD9-C6A564D83A27}.Ad-Hoc|iPhoneSimulator.ActiveCfg = Ad-Hoc|iPhoneSimulator
		{23D57DAD-2250-4DB2-8CD9-C6A564D83A27}.Ad-Hoc|iPhoneSimulator.Build.0 = Ad-Hoc|iPhoneSimulator
		{23D57DAD-2250-4DB2-8CD9-C6A564D83A27}.Ad-Hoc|x64.ActiveCfg = Ad-Hoc|iPhone
		{23D57DAD-2250-4DB2-8CD9-C6A564D83A27}.Ad-Hoc|x86.ActiveCfg = Ad-Hoc|iPhone
		{23D57DAD-2250-4DB2-8CD9-C6A564D83A27}.AppStore|Any CPU.ActiveCfg = AppStore|iPhone
		{23D57DAD-2250-4DB2-8CD9-C6A564D83A27}.AppStore|ARM.ActiveCfg = AppStore|iPhone
		{23D57DAD-2250-4DB2-8CD9-C6A564D83A27}.AppStore|iPhone.ActiveCfg = AppStore|iPhone
		{23D57DAD-2250-4DB2-8CD9-C6A564D83A27}.AppStore|iPhone.Build.0 = AppStore|iPhone
		{23D57DAD-2250-4DB2-8CD9-C6A564D83A27}.AppStore|iPhoneSimulator.ActiveCfg = AppStore|iPhoneSimulator
		{23D57DAD-2250-4DB2-8CD9-C6A564D83A27}.AppStore|iPhoneSimulator.Build.0 = AppStore|iPhoneSimulator
		{23D57DAD-2250-4DB2-8CD9-C6A564D83A27}.AppStore|x64.ActiveCfg = AppStore|iPhone
		{23D57DAD-2250-4DB2-8CD9-C6A564D83A27}.AppStore|x86.ActiveCfg = AppStore|iPhone
		{23D57DAD-2250-4DB2-8CD9-C6A564D83A27}.Debug|Any CPU.ActiveCfg = Debug|iPhone
		{23D57DAD-2250-4DB2-8CD9-C6A564D83A27}.Debug|ARM.ActiveCfg = Debug|iPhone
		{23D57DAD-2250-4DB2-8CD9-C6A564D83A27}.Debug|iPhone.ActiveCfg = Debug|iPhone
		{23D57DAD-2250-4DB2-8CD9-C6A564D83A27}.Debug|iPhone.Build.0 = Debug|iPhone
		{23D57DAD-2250-4DB2-8CD9-C6A564D83A27}.Debug|iPhoneSimulator.ActiveCfg = Debug|iPhoneSimulator
		{23D57DAD-2250-4DB2-8CD9-C6A564D83A27}.Debug|iPhoneSimulator.Build.0 = Debug|iPhoneSimulator
		{23D57DAD-2250-4DB2-8CD9-C6A564D83A27}.Debug|x64.ActiveCfg = Debug|iPhone
		{23D57DAD-2250-4DB2-8CD9-C6A564D83A27}.Debug|x86.ActiveCfg = Debug|iPhone
		{23D57DAD-2250-4DB2-8CD9-C6A564D83A27}.Release|Any CPU.ActiveCfg = Release|iPhone
		{23D57DAD-2250-4DB2-8CD9-C6A564D83A27}.Release|ARM.ActiveCfg = Release|iPhone
		{23D57DAD-2250-4DB2-8CD9-C6A564D83A27}.Release|iPhone.ActiveCfg = Release|iPhone
		{23D57DAD-2250-4DB2-8CD9-C6A564D83A27}.Release|iPhone.Build.0 = Release|iPhone
		{23D57DAD-2250-4DB2-8CD9-C6A564D83A27}.Release|iPhoneSimulator.ActiveCfg = Release|iPhoneSimulator
		{23D57DAD-2250-4DB2-8CD9-C6A564D83A27}.Release|iPhoneSimulator.Build.0 = Release|iPhoneSimulator
		{23D57DAD-2250-4DB2-8CD9-C6A564D83A27}.Release|x64.ActiveCfg = Release|iPhone
		{23D57DAD-2250-4DB2-8CD9-C6A564D83A27}.Release|x86.ActiveCfg = Release|iPhone
		{7D522B08-3193-4D0B-8AD9-B59682DC884F}.Ad-Hoc|Any CPU.ActiveCfg = Release|x86
		{7D522B08-3193-4D0B-8AD9-B59682DC884F}.Ad-Hoc|Any CPU.Build.0 = Release|x86
		{7D522B08-3193-4D0B-8AD9-B59682DC884F}.Ad-Hoc|Any CPU.Deploy.0 = Release|x86
		{7D522B08-3193-4D0B-8AD9-B59682DC884F}.Ad-Hoc|ARM.ActiveCfg = Release|ARM
		{7D522B08-3193-4D0B-8AD9-B59682DC884F}.Ad-Hoc|ARM.Build.0 = Release|ARM
		{7D522B08-3193-4D0B-8AD9-B59682DC884F}.Ad-Hoc|ARM.Deploy.0 = Release|ARM
		{7D522B08-3193-4D0B-8AD9-B59682DC884F}.Ad-Hoc|iPhone.ActiveCfg = Release|x86
		{7D522B08-3193-4D0B-8AD9-B59682DC884F}.Ad-Hoc|iPhone.Build.0 = Release|x86
		{7D522B08-3193-4D0B-8AD9-B59682DC884F}.Ad-Hoc|iPhone.Deploy.0 = Release|x86
		{7D522B08-3193-4D0B-8AD9-B59682DC884F}.Ad-Hoc|iPhoneSimulator.ActiveCfg = Release|x86
		{7D522B08-3193-4D0B-8AD9-B59682DC884F}.Ad-Hoc|iPhoneSimulator.Build.0 = Release|x86
		{7D522B08-3193-4D0B-8AD9-B59682DC884F}.Ad-Hoc|iPhoneSimulator.Deploy.0 = Release|x86
		{7D522B08-3193-4D0B-8AD9-B59682DC884F}.Ad-Hoc|x64.ActiveCfg = Release|x64
		{7D522B08-3193-4D0B-8AD9-B59682DC884F}.Ad-Hoc|x64.Build.0 = Release|x64
		{7D522B08-3193-4D0B-8AD9-B59682DC884F}.Ad-Hoc|x64.Deploy.0 = Release|x64
		{7D522B08-3193-4D0B-8AD9-B59682DC884F}.Ad-Hoc|x86.ActiveCfg = Release|x86
		{7D522B08-3193-4D0B-8AD9-B59682DC884F}.Ad-Hoc|x86.Build.0 = Release|x86
		{7D522B08-3193-4D0B-8AD9-B59682DC884F}.Ad-Hoc|x86.Deploy.0 = Release|x86
		{7D522B08-3193-4D0B-8AD9-B59682DC884F}.AppStore|Any CPU.ActiveCfg = Release|x86
		{7D522B08-3193-4D0B-8AD9-B59682DC884F}.AppStore|Any CPU.Build.0 = Release|x86
		{7D522B08-3193-4D0B-8AD9-B59682DC884F}.AppStore|Any CPU.Deploy.0 = Release|x86
		{7D522B08-3193-4D0B-8AD9-B59682DC884F}.AppStore|ARM.ActiveCfg = Release|ARM
		{7D522B08-3193-4D0B-8AD9-B59682DC884F}.AppStore|ARM.Build.0 = Release|ARM
		{7D522B08-3193-4D0B-8AD9-B59682DC884F}.AppStore|ARM.Deploy.0 = Release|ARM
		{7D522B08-3193-4D0B-8AD9-B59682DC884F}.AppStore|iPhone.ActiveCfg = Release|x86
		{7D522B08-3193-4D0B-8AD9-B59682DC884F}.AppStore|iPhone.Build.0 = Release|x86
		{7D522B08-3193-4D0B-8AD9-B59682DC884F}.AppStore|iPhone.Deploy.0 = Release|x86
		{7D522B08-3193-4D0B-8AD9-B59682DC884F}.AppStore|iPhoneSimulator.ActiveCfg = Release|x86
		{7D522B08-3193-4D0B-8AD9-B59682DC884F}.AppStore|iPhoneSimulator.Build.0 = Release|x86
		{7D522B08-3193-4D0B-8AD9-B59682DC884F}.AppStore|iPhoneSimulator.Deploy.0 = Release|x86
		{7D522B08-3193-4D0B-8AD9-B59682DC884F}.AppStore|x64.ActiveCfg = Release|x64
		{7D522B08-3193-4D0B-8AD9-B59682DC884F}.AppStore|x64.Build.0 = Release|x64
		{7D522B08-3193-4D0B-8AD9-B59682DC884F}.AppStore|x64.Deploy.0 = Release|x64
		{7D522B08-3193-4D0B-8AD9-B59682DC884F}.AppStore|x86.ActiveCfg = Release|x86
		{7D522B08-3193-4D0B-8AD9-B59682DC884F}.AppStore|x86.Build.0 = Release|x86
		{7D522B08-3193-4D0B-8AD9-B59682DC884F}.AppStore|x86.Deploy.0 = Release|x86
		{7D522B08-3193-4D0B-8AD9-B59682DC884F}.Debug|Any CPU.ActiveCfg = Debug|x86
		{7D522B08-3193-4D0B-8AD9-B59682DC884F}.Debug|ARM.ActiveCfg = Debug|ARM
		{7D522B08-3193-4D0B-8AD9-B59682DC884F}.Debug|ARM.Build.0 = Debug|ARM
		{7D522B08-3193-4D0B-8AD9-B59682DC884F}.Debug|ARM.Deploy.0 = Debug|ARM
		{7D522B08-3193-4D0B-8AD9-B59682DC884F}.Debug|iPhone.ActiveCfg = Debug|x86
		{7D522B08-3193-4D0B-8AD9-B59682DC884F}.Debug|iPhoneSimulator.ActiveCfg = Debug|x86
		{7D522B08-3193-4D0B-8AD9-B59682DC884F}.Debug|x64.ActiveCfg = Debug|x64
		{7D522B08-3193-4D0B-8AD9-B59682DC884F}.Debug|x64.Build.0 = Debug|x64
		{7D522B08-3193-4D0B-8AD9-B59682DC884F}.Debug|x64.Deploy.0 = Debug|x64
		{7D522B08-3193-4D0B-8AD9-B59682DC884F}.Debug|x86.ActiveCfg = Debug|x86
		{7D522B08-3193-4D0B-8AD9-B59682DC884F}.Debug|x86.Build.0 = Debug|x86
		{7D522B08-3193-4D0B-8AD9-B59682DC884F}.Debug|x86.Deploy.0 = Debug|x86
		{7D522B08-3193-4D0B-8AD9-B59682DC884F}.Release|Any CPU.ActiveCfg = Release|x86
		{7D522B08-3193-4D0B-8AD9-B59682DC884F}.Release|ARM.ActiveCfg = Release|ARM
		{7D522B08-3193-4D0B-8AD9-B59682DC884F}.Release|ARM.Build.0 = Release|ARM
		{7D522B08-3193-4D0B-8AD9-B59682DC884F}.Release|ARM.Deploy.0 = Release|ARM
		{7D522B08-3193-4D0B-8AD9-B59682DC884F}.Release|iPhone.ActiveCfg = Release|x86
		{7D522B08-3193-4D0B-8AD9-B59682DC884F}.Release|iPhoneSimulator.ActiveCfg = Release|x86
		{7D522B08-3193-4D0B-8AD9-B59682DC884F}.Release|x64.ActiveCfg = Release|x64
		{7D522B08-3193-4D0B-8AD9-B59682DC884F}.Release|x64.Build.0 = Release|x64
		{7D522B08-3193-4D0B-8AD9-B59682DC884F}.Release|x64.Deploy.0 = Release|x64
		{7D522B08-3193-4D0B-8AD9-B59682DC884F}.Release|x86.ActiveCfg = Release|x86
		{7D522B08-3193-4D0B-8AD9-B59682DC884F}.Release|x86.Build.0 = Release|x86
		{7D522B08-3193-4D0B-8AD9-B59682DC884F}.Release|x86.Deploy.0 = Release|x86
		{1ABC81C2-3E9B-4702-9300-B20F160E3DCE}.Ad-Hoc|Any CPU.ActiveCfg = Debug|Any CPU
		{1ABC81C2-3E9B-4702-9300-B20F160E3DCE}.Ad-Hoc|Any CPU.Build.0 = Debug|Any CPU
		{1ABC81C2-3E9B-4702-9300-B20F160E3DCE}.Ad-Hoc|ARM.ActiveCfg = Debug|Any CPU
		{1ABC81C2-3E9B-4702-9300-B20F160E3DCE}.Ad-Hoc|ARM.Build.0 = Debug|Any CPU
		{1ABC81C2-3E9B-4702-9300-B20F160E3DCE}.Ad-Hoc|iPhone.ActiveCfg = Debug|Any CPU
		{1ABC81C2-3E9B-4702-9300-B20F160E3DCE}.Ad-Hoc|iPhone.Build.0 = Debug|Any CPU
		{1ABC81C2-3E9B-4702-9300-B20F160E3DCE}.Ad-Hoc|iPhoneSimulator.ActiveCfg = Debug|Any CPU
		{1ABC81C2-3E9B-4702-9300-B20F160E3DCE}.Ad-Hoc|iPhoneSimulator.Build.0 = Debug|Any CPU
		{1ABC81C2-3E9B-4702-9300-B20F160E3DCE}.Ad-Hoc|x64.ActiveCfg = Debug|Any CPU
		{1ABC81C2-3E9B-4702-9300-B20F160E3DCE}.Ad-Hoc|x64.Build.0 = Debug|Any CPU
		{1ABC81C2-3E9B-4702-9300-B20F160E3DCE}.Ad-Hoc|x86.ActiveCfg = Debug|Any CPU
		{1ABC81C2-3E9B-4702-9300-B20F160E3DCE}.Ad-Hoc|x86.Build.0 = Debug|Any CPU
		{1ABC81C2-3E9B-4702-9300-B20F160E3DCE}.AppStore|Any CPU.ActiveCfg = Debug|Any CPU
		{1ABC81C2-3E9B-4702-9300-B20F160E3DCE}.AppStore|Any CPU.Build.0 = Debug|Any CPU
		{1ABC81C2-3E9B-4702-9300-B20F160E3DCE}.AppStore|ARM.ActiveCfg = Debug|Any CPU
		{1ABC81C2-3E9B-4702-9300-B20F160E3DCE}.AppStore|ARM.Build.0 = Debug|Any CPU
		{1ABC81C2-3E9B-4702-9300-B20F160E3DCE}.AppStore|iPhone.ActiveCfg = Debug|Any CPU
		{1ABC81C2-3E9B-4702-9300-B20F160E3DCE}.AppStore|iPhone.Build.0 = Debug|Any CPU
		{1ABC81C2-3E9B-4702-9300-B20F160E3DCE}.AppStore|iPhoneSimulator.ActiveCfg = Debug|Any CPU
		{1ABC81C2-3E9B-4702-9300-B20F160E3DCE}.AppStore|iPhoneSimulator.Build.0 = Debug|Any CPU
		{1ABC81C2-3E9B-4702-9300-B20F160E3DCE}.AppStore|x64.ActiveCfg = Debug|Any CPU
		{1ABC81C2-3E9B-4702-9300-B20F160E3DCE}.AppStore|x64.Build.0 = Debug|Any CPU
		{1ABC81C2-3E9B-4702-9300-B20F160E3DCE}.AppStore|x86.ActiveCfg = Debug|Any CPU
		{1ABC81C2-3E9B-4702-9300-B20F160E3DCE}.AppStore|x86.Build.0 = Debug|Any CPU
		{1ABC81C2-3E9B-4702-9300-B20F160E3DCE}.Debug|Any CPU.ActiveCfg = Debug|Any CPU
		{1ABC81C2-3E9B-4702-9300-B20F160E3DCE}.Debug|Any CPU.Build.0 = Debug|Any CPU
		{1ABC81C2-3E9B-4702-9300-B20F160E3DCE}.Debug|ARM.ActiveCfg = Debug|Any CPU
		{1ABC81C2-3E9B-4702-9300-B20F160E3DCE}.Debug|ARM.Build.0 = Debug|Any CPU
		{1ABC81C2-3E9B-4702-9300-B20F160E3DCE}.Debug|iPhone.ActiveCfg = Debug|Any CPU
		{1ABC81C2-3E9B-4702-9300-B20F160E3DCE}.Debug|iPhone.Build.0 = Debug|Any CPU
		{1ABC81C2-3E9B-4702-9300-B20F160E3DCE}.Debug|iPhoneSimulator.ActiveCfg = Debug|Any CPU
		{1ABC81C2-3E9B-4702-9300-B20F160E3DCE}.Debug|iPhoneSimulator.Build.0 = Debug|Any CPU
		{1ABC81C2-3E9B-4702-9300-B20F160E3DCE}.Debug|x64.ActiveCfg = Debug|Any CPU
		{1ABC81C2-3E9B-4702-9300-B20F160E3DCE}.Debug|x64.Build.0 = Debug|Any CPU
		{1ABC81C2-3E9B-4702-9300-B20F160E3DCE}.Debug|x86.ActiveCfg = Debug|Any CPU
		{1ABC81C2-3E9B-4702-9300-B20F160E3DCE}.Debug|x86.Build.0 = Debug|Any CPU
		{1ABC81C2-3E9B-4702-9300-B20F160E3DCE}.Release|Any CPU.ActiveCfg = Release|Any CPU
		{1ABC81C2-3E9B-4702-9300-B20F160E3DCE}.Release|Any CPU.Build.0 = Release|Any CPU
		{1ABC81C2-3E9B-4702-9300-B20F160E3DCE}.Release|ARM.ActiveCfg = Release|Any CPU
		{1ABC81C2-3E9B-4702-9300-B20F160E3DCE}.Release|ARM.Build.0 = Release|Any CPU
		{1ABC81C2-3E9B-4702-9300-B20F160E3DCE}.Release|iPhone.ActiveCfg = Release|Any CPU
		{1ABC81C2-3E9B-4702-9300-B20F160E3DCE}.Release|iPhone.Build.0 = Release|Any CPU
		{1ABC81C2-3E9B-4702-9300-B20F160E3DCE}.Release|iPhoneSimulator.ActiveCfg = Release|Any CPU
		{1ABC81C2-3E9B-4702-9300-B20F160E3DCE}.Release|iPhoneSimulator.Build.0 = Release|Any CPU
		{1ABC81C2-3E9B-4702-9300-B20F160E3DCE}.Release|x64.ActiveCfg = Release|Any CPU
		{1ABC81C2-3E9B-4702-9300-B20F160E3DCE}.Release|x64.Build.0 = Release|Any CPU
		{1ABC81C2-3E9B-4702-9300-B20F160E3DCE}.Release|x86.ActiveCfg = Release|Any CPU
		{1ABC81C2-3E9B-4702-9300-B20F160E3DCE}.Release|x86.Build.0 = Release|Any CPU
		{52C25580-441F-4B39-AF10-EBA4334B5724}.Ad-Hoc|Any CPU.ActiveCfg = Release|Any CPU
		{52C25580-441F-4B39-AF10-EBA4334B5724}.Ad-Hoc|Any CPU.Build.0 = Release|Any CPU
		{52C25580-441F-4B39-AF10-EBA4334B5724}.Ad-Hoc|ARM.ActiveCfg = Release|Any CPU
		{52C25580-441F-4B39-AF10-EBA4334B5724}.Ad-Hoc|ARM.Build.0 = Release|Any CPU
		{52C25580-441F-4B39-AF10-EBA4334B5724}.Ad-Hoc|iPhone.ActiveCfg = Release|Any CPU
		{52C25580-441F-4B39-AF10-EBA4334B5724}.Ad-Hoc|iPhone.Build.0 = Release|Any CPU
		{52C25580-441F-4B39-AF10-EBA4334B5724}.Ad-Hoc|iPhoneSimulator.ActiveCfg = Release|Any CPU
		{52C25580-441F-4B39-AF10-EBA4334B5724}.Ad-Hoc|iPhoneSimulator.Build.0 = Release|Any CPU
		{52C25580-441F-4B39-AF10-EBA4334B5724}.Ad-Hoc|x64.ActiveCfg = Release|Any CPU
		{52C25580-441F-4B39-AF10-EBA4334B5724}.Ad-Hoc|x64.Build.0 = Release|Any CPU
		{52C25580-441F-4B39-AF10-EBA4334B5724}.Ad-Hoc|x86.ActiveCfg = Release|Any CPU
		{52C25580-441F-4B39-AF10-EBA4334B5724}.Ad-Hoc|x86.Build.0 = Release|Any CPU
		{52C25580-441F-4B39-AF10-EBA4334B5724}.AppStore|Any CPU.ActiveCfg = Release|Any CPU
		{52C25580-441F-4B39-AF10-EBA4334B5724}.AppStore|Any CPU.Build.0 = Release|Any CPU
		{52C25580-441F-4B39-AF10-EBA4334B5724}.AppStore|ARM.ActiveCfg = Release|Any CPU
		{52C25580-441F-4B39-AF10-EBA4334B5724}.AppStore|ARM.Build.0 = Release|Any CPU
		{52C25580-441F-4B39-AF10-EBA4334B5724}.AppStore|iPhone.ActiveCfg = Release|Any CPU
		{52C25580-441F-4B39-AF10-EBA4334B5724}.AppStore|iPhone.Build.0 = Release|Any CPU
		{52C25580-441F-4B39-AF10-EBA4334B5724}.AppStore|iPhoneSimulator.ActiveCfg = Release|Any CPU
		{52C25580-441F-4B39-AF10-EBA4334B5724}.AppStore|iPhoneSimulator.Build.0 = Release|Any CPU
		{52C25580-441F-4B39-AF10-EBA4334B5724}.AppStore|x64.ActiveCfg = Release|Any CPU
		{52C25580-441F-4B39-AF10-EBA4334B5724}.AppStore|x64.Build.0 = Release|Any CPU
		{52C25580-441F-4B39-AF10-EBA4334B5724}.AppStore|x86.ActiveCfg = Release|Any CPU
		{52C25580-441F-4B39-AF10-EBA4334B5724}.AppStore|x86.Build.0 = Release|Any CPU
		{52C25580-441F-4B39-AF10-EBA4334B5724}.Debug|Any CPU.ActiveCfg = Debug|Any CPU
		{52C25580-441F-4B39-AF10-EBA4334B5724}.Debug|Any CPU.Build.0 = Debug|Any CPU
		{52C25580-441F-4B39-AF10-EBA4334B5724}.Debug|ARM.ActiveCfg = Debug|Any CPU
		{52C25580-441F-4B39-AF10-EBA4334B5724}.Debug|ARM.Build.0 = Debug|Any CPU
		{52C25580-441F-4B39-AF10-EBA4334B5724}.Debug|iPhone.ActiveCfg = Debug|Any CPU
		{52C25580-441F-4B39-AF10-EBA4334B5724}.Debug|iPhone.Build.0 = Debug|Any CPU
		{52C25580-441F-4B39-AF10-EBA4334B5724}.Debug|iPhoneSimulator.ActiveCfg = Debug|Any CPU
		{52C25580-441F-4B39-AF10-EBA4334B5724}.Debug|iPhoneSimulator.Build.0 = Debug|Any CPU
		{52C25580-441F-4B39-AF10-EBA4334B5724}.Debug|x64.ActiveCfg = Debug|Any CPU
		{52C25580-441F-4B39-AF10-EBA4334B5724}.Debug|x64.Build.0 = Debug|Any CPU
		{52C25580-441F-4B39-AF10-EBA4334B5724}.Debug|x86.ActiveCfg = Debug|Any CPU
		{52C25580-441F-4B39-AF10-EBA4334B5724}.Debug|x86.Build.0 = Debug|Any CPU
		{52C25580-441F-4B39-AF10-EBA4334B5724}.Release|Any CPU.ActiveCfg = Release|Any CPU
		{52C25580-441F-4B39-AF10-EBA4334B5724}.Release|Any CPU.Build.0 = Release|Any CPU
		{52C25580-441F-4B39-AF10-EBA4334B5724}.Release|ARM.ActiveCfg = Release|Any CPU
		{52C25580-441F-4B39-AF10-EBA4334B5724}.Release|ARM.Build.0 = Release|Any CPU
		{52C25580-441F-4B39-AF10-EBA4334B5724}.Release|iPhone.ActiveCfg = Release|Any CPU
		{52C25580-441F-4B39-AF10-EBA4334B5724}.Release|iPhone.Build.0 = Release|Any CPU
		{52C25580-441F-4B39-AF10-EBA4334B5724}.Release|iPhoneSimulator.ActiveCfg = Release|Any CPU
		{52C25580-441F-4B39-AF10-EBA4334B5724}.Release|iPhoneSimulator.Build.0 = Release|Any CPU
		{52C25580-441F-4B39-AF10-EBA4334B5724}.Release|x64.ActiveCfg = Release|Any CPU
		{52C25580-441F-4B39-AF10-EBA4334B5724}.Release|x64.Build.0 = Release|Any CPU
		{52C25580-441F-4B39-AF10-EBA4334B5724}.Release|x86.ActiveCfg = Release|Any CPU
		{52C25580-441F-4B39-AF10-EBA4334B5724}.Release|x86.Build.0 = Release|Any CPU
		{137E6006-5F68-4FC1-96B9-98AAA9B76488}.Ad-Hoc|Any CPU.ActiveCfg = Release|Any CPU
		{137E6006-5F68-4FC1-96B9-98AAA9B76488}.Ad-Hoc|Any CPU.Build.0 = Release|Any CPU
		{137E6006-5F68-4FC1-96B9-98AAA9B76488}.Ad-Hoc|ARM.ActiveCfg = Release|Any CPU
		{137E6006-5F68-4FC1-96B9-98AAA9B76488}.Ad-Hoc|ARM.Build.0 = Release|Any CPU
		{137E6006-5F68-4FC1-96B9-98AAA9B76488}.Ad-Hoc|iPhone.ActiveCfg = Release|Any CPU
		{137E6006-5F68-4FC1-96B9-98AAA9B76488}.Ad-Hoc|iPhone.Build.0 = Release|Any CPU
		{137E6006-5F68-4FC1-96B9-98AAA9B76488}.Ad-Hoc|iPhoneSimulator.ActiveCfg = Release|Any CPU
		{137E6006-5F68-4FC1-96B9-98AAA9B76488}.Ad-Hoc|iPhoneSimulator.Build.0 = Release|Any CPU
		{137E6006-5F68-4FC1-96B9-98AAA9B76488}.Ad-Hoc|x64.ActiveCfg = Release|Any CPU
		{137E6006-5F68-4FC1-96B9-98AAA9B76488}.Ad-Hoc|x64.Build.0 = Release|Any CPU
		{137E6006-5F68-4FC1-96B9-98AAA9B76488}.Ad-Hoc|x86.ActiveCfg = Release|Any CPU
		{137E6006-5F68-4FC1-96B9-98AAA9B76488}.Ad-Hoc|x86.Build.0 = Release|Any CPU
		{137E6006-5F68-4FC1-96B9-98AAA9B76488}.AppStore|Any CPU.ActiveCfg = Release|Any CPU
		{137E6006-5F68-4FC1-96B9-98AAA9B76488}.AppStore|Any CPU.Build.0 = Release|Any CPU
		{137E6006-5F68-4FC1-96B9-98AAA9B76488}.AppStore|ARM.ActiveCfg = Release|Any CPU
		{137E6006-5F68-4FC1-96B9-98AAA9B76488}.AppStore|ARM.Build.0 = Release|Any CPU
		{137E6006-5F68-4FC1-96B9-98AAA9B76488}.AppStore|iPhone.ActiveCfg = Release|Any CPU
		{137E6006-5F68-4FC1-96B9-98AAA9B76488}.AppStore|iPhone.Build.0 = Release|Any CPU
		{137E6006-5F68-4FC1-96B9-98AAA9B76488}.AppStore|iPhoneSimulator.ActiveCfg = Release|Any CPU
		{137E6006-5F68-4FC1-96B9-98AAA9B76488}.AppStore|iPhoneSimulator.Build.0 = Release|Any CPU
		{137E6006-5F68-4FC1-96B9-98AAA9B76488}.AppStore|x64.ActiveCfg = Release|Any CPU
		{137E6006-5F68-4FC1-96B9-98AAA9B76488}.AppStore|x64.Build.0 = Release|Any CPU
		{137E6006-5F68-4FC1-96B9-98AAA9B76488}.AppStore|x86.ActiveCfg = Release|Any CPU
		{137E6006-5F68-4FC1-96B9-98AAA9B76488}.AppStore|x86.Build.0 = Release|Any CPU
		{137E6006-5F68-4FC1-96B9-98AAA9B76488}.Debug|Any CPU.ActiveCfg = Debug|Any CPU
		{137E6006-5F68-4FC1-96B9-98AAA9B76488}.Debug|Any CPU.Build.0 = Debug|Any CPU
		{137E6006-5F68-4FC1-96B9-98AAA9B76488}.Debug|ARM.ActiveCfg = Debug|Any CPU
		{137E6006-5F68-4FC1-96B9-98AAA9B76488}.Debug|ARM.Build.0 = Debug|Any CPU
		{137E6006-5F68-4FC1-96B9-98AAA9B76488}.Debug|iPhone.ActiveCfg = Debug|Any CPU
		{137E6006-5F68-4FC1-96B9-98AAA9B76488}.Debug|iPhone.Build.0 = Debug|Any CPU
		{137E6006-5F68-4FC1-96B9-98AAA9B76488}.Debug|iPhoneSimulator.ActiveCfg = Debug|Any CPU
		{137E6006-5F68-4FC1-96B9-98AAA9B76488}.Debug|iPhoneSimulator.Build.0 = Debug|Any CPU
		{137E6006-5F68-4FC1-96B9-98AAA9B76488}.Debug|x64.ActiveCfg = Debug|Any CPU
		{137E6006-5F68-4FC1-96B9-98AAA9B76488}.Debug|x64.Build.0 = Debug|Any CPU
		{137E6006-5F68-4FC1-96B9-98AAA9B76488}.Debug|x86.ActiveCfg = Debug|Any CPU
		{137E6006-5F68-4FC1-96B9-98AAA9B76488}.Debug|x86.Build.0 = Debug|Any CPU
		{137E6006-5F68-4FC1-96B9-98AAA9B76488}.Release|Any CPU.ActiveCfg = Release|Any CPU
		{137E6006-5F68-4FC1-96B9-98AAA9B76488}.Release|Any CPU.Build.0 = Release|Any CPU
		{137E6006-5F68-4FC1-96B9-98AAA9B76488}.Release|ARM.ActiveCfg = Release|Any CPU
		{137E6006-5F68-4FC1-96B9-98AAA9B76488}.Release|ARM.Build.0 = Release|Any CPU
		{137E6006-5F68-4FC1-96B9-98AAA9B76488}.Release|iPhone.ActiveCfg = Release|Any CPU
		{137E6006-5F68-4FC1-96B9-98AAA9B76488}.Release|iPhone.Build.0 = Release|Any CPU
		{137E6006-5F68-4FC1-96B9-98AAA9B76488}.Release|iPhoneSimulator.ActiveCfg = Release|Any CPU
		{137E6006-5F68-4FC1-96B9-98AAA9B76488}.Release|iPhoneSimulator.Build.0 = Release|Any CPU
		{137E6006-5F68-4FC1-96B9-98AAA9B76488}.Release|x64.ActiveCfg = Release|Any CPU
		{137E6006-5F68-4FC1-96B9-98AAA9B76488}.Release|x64.Build.0 = Release|Any CPU
		{137E6006-5F68-4FC1-96B9-98AAA9B76488}.Release|x86.ActiveCfg = Release|Any CPU
		{137E6006-5F68-4FC1-96B9-98AAA9B76488}.Release|x86.Build.0 = Release|Any CPU
	EndGlobalSection
	GlobalSection(SolutionProperties) = preSolution
		HideSolutionNode = FALSE
	EndGlobalSection
	GlobalSection(NestedProjects) = preSolution
		{A5620E60-FEE3-463A-8293-8AFE1AB2F11B} = {BBB5AFC4-2965-49E8-B8F3-0E6BE80F2B43}
		{08B83DFD-AC62-47B2-89D7-457CB35B398E} = {BEA92F0E-9082-45E7-9B88-CD8761698FAC}
		{FE0133E3-AE1C-4CE6-95CB-A82D78842912} = {3E079DAA-116E-48BE-AC90-C490ACBE31E7}
		{23D57DAD-2250-4DB2-8CD9-C6A564D83A27} = {3E079DAA-116E-48BE-AC90-C490ACBE31E7}
		{7D522B08-3193-4D0B-8AD9-B59682DC884F} = {3E079DAA-116E-48BE-AC90-C490ACBE31E7}
		{1ABC81C2-3E9B-4702-9300-B20F160E3DCE} = {3E079DAA-116E-48BE-AC90-C490ACBE31E7}
		{52C25580-441F-4B39-AF10-EBA4334B5724} = {3E079DAA-116E-48BE-AC90-C490ACBE31E7}
		{137E6006-5F68-4FC1-96B9-98AAA9B76488} = {3E079DAA-116E-48BE-AC90-C490ACBE31E7}
	EndGlobalSection
	GlobalSection(ExtensibilityGlobals) = postSolution
		SolutionGuid = {D3981396-5F86-447E-AE4C-538ED24D9875}
	EndGlobalSection
EndGlobal
